// !$*UTF8*$!
{
	archiveVersion = 1;
	classes = {
	};
	objectVersion = 48;
	objects = {

/* Begin PBXBuildFile section */
		2A9DE4F68084F3BAEEE01530 /* Pods_PootCal.framework in Frameworks */ = {isa = PBXBuildFile; fileRef = F35345FA72307FD6264A9D2E /* Pods_PootCal.framework */; };
		3011CEDF2033CA1C00AB71F0 /* Cal_View.swift in Sources */ = {isa = PBXBuildFile; fileRef = 3011CEDE2033CA1C00AB71F0 /* Cal_View.swift */; };
		7CFB9BE82032994100BBD748 /* UIColors+inits.swift in Sources */ = {isa = PBXBuildFile; fileRef = 7CFB9BE72032994100BBD748 /* UIColors+inits.swift */; };
		7CFB9BED2032CC5000BBD748 /* Cal_Model.swift in Sources */ = {isa = PBXBuildFile; fileRef = 7CFB9BEC2032CC5000BBD748 /* Cal_Model.swift */; };
		CE58D0E4201BBBC100C03246 /* AppDelegate.swift in Sources */ = {isa = PBXBuildFile; fileRef = CE58D0E3201BBBC100C03246 /* AppDelegate.swift */; };
		CE58D0E6201BBBC100C03246 /* Cal_VC.swift in Sources */ = {isa = PBXBuildFile; fileRef = CE58D0E5201BBBC100C03246 /* Cal_VC.swift */; };
		CE58D0E9201BBBC200C03246 /* Main.storyboard in Resources */ = {isa = PBXBuildFile; fileRef = CE58D0E7201BBBC200C03246 /* Main.storyboard */; };
		CE58D0EB201BBBC200C03246 /* Assets.xcassets in Resources */ = {isa = PBXBuildFile; fileRef = CE58D0EA201BBBC200C03246 /* Assets.xcassets */; };
		CE58D0EE201BBBC200C03246 /* LaunchScreen.storyboard in Resources */ = {isa = PBXBuildFile; fileRef = CE58D0EC201BBBC200C03246 /* LaunchScreen.storyboard */; };
		CE58D0F6201BBF1000C03246 /* DateCell.swift in Sources */ = {isa = PBXBuildFile; fileRef = CE58D0F5201BBF1000C03246 /* DateCell.swift */; };
		CE58D0FB20228E8300C03246 /* UIColors+Custom.swift in Sources */ = {isa = PBXBuildFile; fileRef = CE58D0FA20228E8300C03246 /* UIColors+Custom.swift */; };
/* End PBXBuildFile section */

/* Begin PBXFileReference section */
		3011CEDE2033CA1C00AB71F0 /* Cal_View.swift */ = {isa = PBXFileReference; lastKnownFileType = sourcecode.swift; path = Cal_View.swift; sourceTree = "<group>"; };
		6CA9AAD045F29490DF8CC187 /* Pods-PootCal.debug.xcconfig */ = {isa = PBXFileReference; includeInIndex = 1; lastKnownFileType = text.xcconfig; name = "Pods-PootCal.debug.xcconfig"; path = "Pods/Target Support Files/Pods-PootCal/Pods-PootCal.debug.xcconfig"; sourceTree = "<group>"; };
		7CFB9BE72032994100BBD748 /* UIColors+inits.swift */ = {isa = PBXFileReference; lastKnownFileType = sourcecode.swift; path = "UIColors+inits.swift"; sourceTree = "<group>"; };
		7CFB9BEC2032CC5000BBD748 /* Cal_Model.swift */ = {isa = PBXFileReference; lastKnownFileType = sourcecode.swift; path = Cal_Model.swift; sourceTree = "<group>"; };
		C02268CBE1F58BC3C0538730 /* Pods-PootCal.release.xcconfig */ = {isa = PBXFileReference; includeInIndex = 1; lastKnownFileType = text.xcconfig; name = "Pods-PootCal.release.xcconfig"; path = "Pods/Target Support Files/Pods-PootCal/Pods-PootCal.release.xcconfig"; sourceTree = "<group>"; };
		CE58D0E0201BBBC100C03246 /* PootCal.app */ = {isa = PBXFileReference; explicitFileType = wrapper.application; includeInIndex = 0; path = PootCal.app; sourceTree = BUILT_PRODUCTS_DIR; };
		CE58D0E3201BBBC100C03246 /* AppDelegate.swift */ = {isa = PBXFileReference; lastKnownFileType = sourcecode.swift; path = AppDelegate.swift; sourceTree = "<group>"; };
		CE58D0E5201BBBC100C03246 /* Cal_VC.swift */ = {isa = PBXFileReference; lastKnownFileType = sourcecode.swift; path = Cal_VC.swift; sourceTree = "<group>"; };
		CE58D0E8201BBBC200C03246 /* Base */ = {isa = PBXFileReference; lastKnownFileType = file.storyboard; name = Base; path = Base.lproj/Main.storyboard; sourceTree = "<group>"; };
		CE58D0EA201BBBC200C03246 /* Assets.xcassets */ = {isa = PBXFileReference; lastKnownFileType = folder.assetcatalog; path = Assets.xcassets; sourceTree = "<group>"; };
		CE58D0ED201BBBC200C03246 /* Base */ = {isa = PBXFileReference; lastKnownFileType = file.storyboard; name = Base; path = Base.lproj/LaunchScreen.storyboard; sourceTree = "<group>"; };
		CE58D0EF201BBBC200C03246 /* Info.plist */ = {isa = PBXFileReference; lastKnownFileType = text.plist.xml; path = Info.plist; sourceTree = "<group>"; };
		CE58D0F5201BBF1000C03246 /* DateCell.swift */ = {isa = PBXFileReference; lastKnownFileType = sourcecode.swift; path = DateCell.swift; sourceTree = "<group>"; };
		CE58D0FA20228E8300C03246 /* UIColors+Custom.swift */ = {isa = PBXFileReference; lastKnownFileType = sourcecode.swift; path = "UIColors+Custom.swift"; sourceTree = "<group>"; };
		F35345FA72307FD6264A9D2E /* Pods_PootCal.framework */ = {isa = PBXFileReference; explicitFileType = wrapper.framework; includeInIndex = 0; path = Pods_PootCal.framework; sourceTree = BUILT_PRODUCTS_DIR; };
/* End PBXFileReference section */

/* Begin PBXFrameworksBuildPhase section */
		CE58D0DD201BBBC100C03246 /* Frameworks */ = {
			isa = PBXFrameworksBuildPhase;
			buildActionMask = 2147483647;
			files = (
				2A9DE4F68084F3BAEEE01530 /* Pods_PootCal.framework in Frameworks */,
			);
			runOnlyForDeploymentPostprocessing = 0;
		};
/* End PBXFrameworksBuildPhase section */

/* Begin PBXGroup section */
		7CFB9BE5203269C400BBD748 /* View */ = {
			isa = PBXGroup;
			children = (
				CE58D0F5201BBF1000C03246 /* DateCell.swift */,
				3011CEDE2033CA1C00AB71F0 /* Cal_View.swift */,
			);
			path = View;
			sourceTree = "<group>";
		};
		7CFB9BE620326BA900BBD748 /* View Controller */ = {
			isa = PBXGroup;
			children = (
				CE58D0E5201BBBC100C03246 /* Cal_VC.swift */,
			);
			path = "View Controller";
			sourceTree = "<group>";
		};
		7CFB9BE92032CC0900BBD748 /* Model */ = {
			isa = PBXGroup;
			children = (
				7CFB9BEC2032CC5000BBD748 /* Cal_Model.swift */,
			);
			path = Model;
			sourceTree = "<group>";
		};
		84EB95AFC10D9CBC9FF88284 /* Pods */ = {
			isa = PBXGroup;
			children = (
				6CA9AAD045F29490DF8CC187 /* Pods-PootCal.debug.xcconfig */,
				C02268CBE1F58BC3C0538730 /* Pods-PootCal.release.xcconfig */,
			);
			name = Pods;
			sourceTree = "<group>";
		};
		B5F346997F504B7392026CA0 /* Frameworks */ = {
			isa = PBXGroup;
			children = (
				F35345FA72307FD6264A9D2E /* Pods_PootCal.framework */,
			);
			name = Frameworks;
			sourceTree = "<group>";
		};
		CE58D0D7201BBBC100C03246 = {
			isa = PBXGroup;
			children = (
				CE58D0F720228E3100C03246 /* Resources */,
				CE58D0E2201BBBC100C03246 /* PootCal */,
				CE58D0E1201BBBC100C03246 /* Products */,
				84EB95AFC10D9CBC9FF88284 /* Pods */,
				B5F346997F504B7392026CA0 /* Frameworks */,
			);
			sourceTree = "<group>";
		};
		CE58D0E1201BBBC100C03246 /* Products */ = {
			isa = PBXGroup;
			children = (
				CE58D0E0201BBBC100C03246 /* PootCal.app */,
			);
			name = Products;
			sourceTree = "<group>";
		};
		CE58D0E2201BBBC100C03246 /* PootCal */ = {
			isa = PBXGroup;
			children = (
				CE58D0EF201BBBC200C03246 /* Info.plist */,
				CE58D0F920228E5E00C03246 /* CAL */,
				CE58D0F820228E4D00C03246 /* Launch */,
			);
			path = PootCal;
			sourceTree = "<group>";
		};
		CE58D0F720228E3100C03246 /* Resources */ = {
			isa = PBXGroup;
			children = (
				CE58D0EA201BBBC200C03246 /* Assets.xcassets */,
				7CFB9BE72032994100BBD748 /* UIColors+inits.swift */,
				CE58D0FA20228E8300C03246 /* UIColors+Custom.swift */,
			);
			path = Resources;
			sourceTree = "<group>";
		};
		CE58D0F820228E4D00C03246 /* Launch */ = {
			isa = PBXGroup;
			children = (
				CE58D0EC201BBBC200C03246 /* LaunchScreen.storyboard */,
			);
			path = Launch;
			sourceTree = "<group>";
		};
		CE58D0F920228E5E00C03246 /* CAL */ = {
			isa = PBXGroup;
			children = (
				7CFB9BE92032CC0900BBD748 /* Model */,
				7CFB9BE5203269C400BBD748 /* View */,
				7CFB9BE620326BA900BBD748 /* View Controller */,
				CE58D0E7201BBBC200C03246 /* Main.storyboard */,
				CE58D0E3201BBBC100C03246 /* AppDelegate.swift */,
			);
			path = CAL;
			sourceTree = "<group>";
		};
/* End PBXGroup section */

/* Begin PBXNativeTarget section */
		CE58D0DF201BBBC100C03246 /* PootCal */ = {
			isa = PBXNativeTarget;
			buildConfigurationList = CE58D0F2201BBBC200C03246 /* Build configuration list for PBXNativeTarget "PootCal" */;
			buildPhases = (
				E1CB32C1B97F4B671C0A2B9C /* [CP] Check Pods Manifest.lock */,
				CE58D0DC201BBBC100C03246 /* Sources */,
				CE58D0DD201BBBC100C03246 /* Frameworks */,
				CE58D0DE201BBBC100C03246 /* Resources */,
				19DC88FC993BC285D1878FF0 /* [CP] Embed Pods Frameworks */,
				1219601E764F3FB18CE061B1 /* [CP] Copy Pods Resources */,
			);
			buildRules = (
			);
			dependencies = (
			);
			name = PootCal;
			productName = PootCal;
			productReference = CE58D0E0201BBBC100C03246 /* PootCal.app */;
			productType = "com.apple.product-type.application";
		};
/* End PBXNativeTarget section */

/* Begin PBXProject section */
		CE58D0D8201BBBC100C03246 /* Project object */ = {
			isa = PBXProject;
			attributes = {
				LastSwiftUpdateCheck = 0920;
				LastUpgradeCheck = 0920;
				ORGANIZATIONNAME = User;
				TargetAttributes = {
					CE58D0DF201BBBC100C03246 = {
						CreatedOnToolsVersion = 9.2;
						LastSwiftMigration = 0920;
						ProvisioningStyle = Automatic;
					};
				};
			};
			buildConfigurationList = CE58D0DB201BBBC100C03246 /* Build configuration list for PBXProject "PootCal" */;
			compatibilityVersion = "Xcode 8.0";
			developmentRegion = en;
			hasScannedForEncodings = 0;
			knownRegions = (
				en,
				Base,
			);
			mainGroup = CE58D0D7201BBBC100C03246;
			productRefGroup = CE58D0E1201BBBC100C03246 /* Products */;
			projectDirPath = "";
			projectRoot = "";
			targets = (
				CE58D0DF201BBBC100C03246 /* PootCal */,
			);
		};
/* End PBXProject section */

/* Begin PBXResourcesBuildPhase section */
		CE58D0DE201BBBC100C03246 /* Resources */ = {
			isa = PBXResourcesBuildPhase;
			buildActionMask = 2147483647;
			files = (
				CE58D0EE201BBBC200C03246 /* LaunchScreen.storyboard in Resources */,
				CE58D0EB201BBBC200C03246 /* Assets.xcassets in Resources */,
				CE58D0E9201BBBC200C03246 /* Main.storyboard in Resources */,
			);
			runOnlyForDeploymentPostprocessing = 0;
		};
/* End PBXResourcesBuildPhase section */

/* Begin PBXShellScriptBuildPhase section */
		1219601E764F3FB18CE061B1 /* [CP] Copy Pods Resources */ = {
			isa = PBXShellScriptBuildPhase;
			buildActionMask = 2147483647;
			files = (
			);
			inputPaths = (
			);
			name = "[CP] Copy Pods Resources";
			outputPaths = (
			);
			runOnlyForDeploymentPostprocessing = 0;
			shellPath = /bin/sh;
			shellScript = "\"${SRCROOT}/Pods/Target Support Files/Pods-PootCal/Pods-PootCal-resources.sh\"\n";
			showEnvVarsInLog = 0;
		};
		19DC88FC993BC285D1878FF0 /* [CP] Embed Pods Frameworks */ = {
			isa = PBXShellScriptBuildPhase;
			buildActionMask = 2147483647;
			files = (
			);
			inputPaths = (
				"${SRCROOT}/Pods/Target Support Files/Pods-PootCal/Pods-PootCal-frameworks.sh",
				"${BUILT_PRODUCTS_DIR}/JTAppleCalendar/JTAppleCalendar.framework",
			);
			name = "[CP] Embed Pods Frameworks";
			outputPaths = (
				"${TARGET_BUILD_DIR}/${FRAMEWORKS_FOLDER_PATH}/JTAppleCalendar.framework",
			);
			runOnlyForDeploymentPostprocessing = 0;
			shellPath = /bin/sh;
			shellScript = "\"${SRCROOT}/Pods/Target Support Files/Pods-PootCal/Pods-PootCal-frameworks.sh\"\n";
			showEnvVarsInLog = 0;
		};
		E1CB32C1B97F4B671C0A2B9C /* [CP] Check Pods Manifest.lock */ = {
			isa = PBXShellScriptBuildPhase;
			buildActionMask = 2147483647;
			files = (
			);
			inputPaths = (
				"${PODS_PODFILE_DIR_PATH}/Podfile.lock",
				"${PODS_ROOT}/Manifest.lock",
			);
			name = "[CP] Check Pods Manifest.lock";
			outputPaths = (
				"$(DERIVED_FILE_DIR)/Pods-PootCal-checkManifestLockResult.txt",
			);
			runOnlyForDeploymentPostprocessing = 0;
			shellPath = /bin/sh;
			shellScript = "diff \"${PODS_PODFILE_DIR_PATH}/Podfile.lock\" \"${PODS_ROOT}/Manifest.lock\" > /dev/null\nif [ $? != 0 ] ; then\n    # print error to STDERR\n    echo \"error: The sandbox is not in sync with the Podfile.lock. Run 'pod install' or update your CocoaPods installation.\" >&2\n    exit 1\nfi\n# This output is used by Xcode 'outputs' to avoid re-running this script phase.\necho \"SUCCESS\" > \"${SCRIPT_OUTPUT_FILE_0}\"\n";
			showEnvVarsInLog = 0;
		};
/* End PBXShellScriptBuildPhase section */

/* Begin PBXSourcesBuildPhase section */
		CE58D0DC201BBBC100C03246 /* Sources */ = {
			isa = PBXSourcesBuildPhase;
			buildActionMask = 2147483647;
			files = (
				CE58D0E6201BBBC100C03246 /* Cal_VC.swift in Sources */,
				CE58D0F6201BBF1000C03246 /* DateCell.swift in Sources */,
				7CFB9BED2032CC5000BBD748 /* Cal_Model.swift in Sources */,
				CE58D0FB20228E8300C03246 /* UIColors+Custom.swift in Sources */,
				3011CEDF2033CA1C00AB71F0 /* Cal_View.swift in Sources */,
				7CFB9BE82032994100BBD748 /* UIColors+inits.swift in Sources */,
				CE58D0E4201BBBC100C03246 /* AppDelegate.swift in Sources */,
			);
			runOnlyForDeploymentPostprocessing = 0;
		};
/* End PBXSourcesBuildPhase section */

/* Begin PBXVariantGroup section */
		CE58D0E7201BBBC200C03246 /* Main.storyboard */ = {
			isa = PBXVariantGroup;
			children = (
				CE58D0E8201BBBC200C03246 /* Base */,
			);
			name = Main.storyboard;
			sourceTree = "<group>";
		};
		CE58D0EC201BBBC200C03246 /* LaunchScreen.storyboard */ = {
			isa = PBXVariantGroup;
			children = (
				CE58D0ED201BBBC200C03246 /* Base */,
			);
			name = LaunchScreen.storyboard;
			sourceTree = "<group>";
		};
/* End PBXVariantGroup section */

/* Begin XCBuildConfiguration section */
		CE58D0F0201BBBC200C03246 /* Debug */ = {
			isa = XCBuildConfiguration;
			buildSettings = {
				ALWAYS_SEARCH_USER_PATHS = NO;
				CLANG_ANALYZER_NONNULL = YES;
				CLANG_ANALYZER_NUMBER_OBJECT_CONVERSION = YES_AGGRESSIVE;
				CLANG_CXX_LANGUAGE_STANDARD = "gnu++14";
				CLANG_CXX_LIBRARY = "libc++";
				CLANG_ENABLE_MODULES = YES;
				CLANG_ENABLE_OBJC_ARC = YES;
				CLANG_WARN_BLOCK_CAPTURE_AUTORELEASING = YES;
				CLANG_WARN_BOOL_CONVERSION = YES;
				CLANG_WARN_COMMA = YES;
				CLANG_WARN_CONSTANT_CONVERSION = YES;
				CLANG_WARN_DIRECT_OBJC_ISA_USAGE = YES_ERROR;
				CLANG_WARN_DOCUMENTATION_COMMENTS = YES;
				CLANG_WARN_EMPTY_BODY = YES;
				CLANG_WARN_ENUM_CONVERSION = YES;
				CLANG_WARN_INFINITE_RECURSION = YES;
				CLANG_WARN_INT_CONVERSION = YES;
				CLANG_WARN_NON_LITERAL_NULL_CONVERSION = YES;
				CLANG_WARN_OBJC_LITERAL_CONVERSION = YES;
				CLANG_WARN_OBJC_ROOT_CLASS = YES_ERROR;
				CLANG_WARN_RANGE_LOOP_ANALYSIS = YES;
				CLANG_WARN_STRICT_PROTOTYPES = YES;
				CLANG_WARN_SUSPICIOUS_MOVE = YES;
				CLANG_WARN_UNGUARDED_AVAILABILITY = YES_AGGRESSIVE;
				CLANG_WARN_UNREACHABLE_CODE = YES;
				CLANG_WARN__DUPLICATE_METHOD_MATCH = YES;
				CODE_SIGN_IDENTITY = "iPhone Developer";
				COPY_PHASE_STRIP = NO;
				DEBUG_INFORMATION_FORMAT = dwarf;
				ENABLE_STRICT_OBJC_MSGSEND = YES;
				ENABLE_TESTABILITY = YES;
				GCC_C_LANGUAGE_STANDARD = gnu11;
				GCC_DYNAMIC_NO_PIC = NO;
				GCC_NO_COMMON_BLOCKS = YES;
				GCC_OPTIMIZATION_LEVEL = 0;
				GCC_PREPROCESSOR_DEFINITIONS = (
					"DEBUG=1",
					"$(inherited)",
				);
				GCC_WARN_64_TO_32_BIT_CONVERSION = YES;
				GCC_WARN_ABOUT_RETURN_TYPE = YES_ERROR;
				GCC_WARN_UNDECLARED_SELECTOR = YES;
				GCC_WARN_UNINITIALIZED_AUTOS = YES_AGGRESSIVE;
				GCC_WARN_UNUSED_FUNCTION = YES;
				GCC_WARN_UNUSED_VARIABLE = YES;
				IPHONEOS_DEPLOYMENT_TARGET = 11.2;
				MTL_ENABLE_DEBUG_INFO = YES;
				ONLY_ACTIVE_ARCH = YES;
				SDKROOT = iphoneos;
				SWIFT_ACTIVE_COMPILATION_CONDITIONS = DEBUG;
				SWIFT_OPTIMIZATION_LEVEL = "-Onone";
			};
			name = Debug;
		};
		CE58D0F1201BBBC200C03246 /* Release */ = {
			isa = XCBuildConfiguration;
			buildSettings = {
				ALWAYS_SEARCH_USER_PATHS = NO;
				CLANG_ANALYZER_NONNULL = YES;
				CLANG_ANALYZER_NUMBER_OBJECT_CONVERSION = YES_AGGRESSIVE;
				CLANG_CXX_LANGUAGE_STANDARD = "gnu++14";
				CLANG_CXX_LIBRARY = "libc++";
				CLANG_ENABLE_MODULES = YES;
				CLANG_ENABLE_OBJC_ARC = YES;
				CLANG_WARN_BLOCK_CAPTURE_AUTORELEASING = YES;
				CLANG_WARN_BOOL_CONVERSION = YES;
				CLANG_WARN_COMMA = YES;
				CLANG_WARN_CONSTANT_CONVERSION = YES;
				CLANG_WARN_DIRECT_OBJC_ISA_USAGE = YES_ERROR;
				CLANG_WARN_DOCUMENTATION_COMMENTS = YES;
				CLANG_WARN_EMPTY_BODY = YES;
				CLANG_WARN_ENUM_CONVERSION = YES;
				CLANG_WARN_INFINITE_RECURSION = YES;
				CLANG_WARN_INT_CONVERSION = YES;
				CLANG_WARN_NON_LITERAL_NULL_CONVERSION = YES;
				CLANG_WARN_OBJC_LITERAL_CONVERSION = YES;
				CLANG_WARN_OBJC_ROOT_CLASS = YES_ERROR;
				CLANG_WARN_RANGE_LOOP_ANALYSIS = YES;
				CLANG_WARN_STRICT_PROTOTYPES = YES;
				CLANG_WARN_SUSPICIOUS_MOVE = YES;
				CLANG_WARN_UNGUARDED_AVAILABILITY = YES_AGGRESSIVE;
				CLANG_WARN_UNREACHABLE_CODE = YES;
				CLANG_WARN__DUPLICATE_METHOD_MATCH = YES;
				CODE_SIGN_IDENTITY = "iPhone Developer";
				COPY_PHASE_STRIP = NO;
				DEBUG_INFORMATION_FORMAT = "dwarf-with-dsym";
				ENABLE_NS_ASSERTIONS = NO;
				ENABLE_STRICT_OBJC_MSGSEND = YES;
				GCC_C_LANGUAGE_STANDARD = gnu11;
				GCC_NO_COMMON_BLOCKS = YES;
				GCC_WARN_64_TO_32_BIT_CONVERSION = YES;
				GCC_WARN_ABOUT_RETURN_TYPE = YES_ERROR;
				GCC_WARN_UNDECLARED_SELECTOR = YES;
				GCC_WARN_UNINITIALIZED_AUTOS = YES_AGGRESSIVE;
				GCC_WARN_UNUSED_FUNCTION = YES;
				GCC_WARN_UNUSED_VARIABLE = YES;
				IPHONEOS_DEPLOYMENT_TARGET = 11.2;
				MTL_ENABLE_DEBUG_INFO = NO;
				SDKROOT = iphoneos;
				SWIFT_OPTIMIZATION_LEVEL = "-Owholemodule";
				VALIDATE_PRODUCT = YES;
			};
			name = Release;
		};
		CE58D0F3201BBBC200C03246 /* Debug */ = {
			isa = XCBuildConfiguration;
			baseConfigurationReference = 6CA9AAD045F29490DF8CC187 /* Pods-PootCal.debug.xcconfig */;
			buildSettings = {
				ASSETCATALOG_COMPILER_APPICON_NAME = AppIcon;
				CLANG_ENABLE_MODULES = YES;
				CODE_SIGN_STYLE = Automatic;
				INFOPLIST_FILE = PootCal/Info.plist;
				LD_RUNPATH_SEARCH_PATHS = "$(inherited) @executable_path/Frameworks";
				PRODUCT_BUNDLE_IDENTIFIER = Poot.PootCal;
				PRODUCT_NAME = "$(TARGET_NAME)";
				SWIFT_OPTIMIZATION_LEVEL = "-Onone";
				SWIFT_VERSION = 4.0;
				TARGETED_DEVICE_FAMILY = "1,2";
			};
			name = Debug;
		};
		CE58D0F4201BBBC200C03246 /* Release */ = {
			isa = XCBuildConfiguration;
			baseConfigurationReference = C02268CBE1F58BC3C0538730 /* Pods-PootCal.release.xcconfig */;
			buildSettings = {
				ASSETCATALOG_COMPILER_APPICON_NAME = AppIcon;
				CLANG_ENABLE_MODULES = YES;
				CODE_SIGN_STYLE = Automatic;
				INFOPLIST_FILE = PootCal/Info.plist;
				LD_RUNPATH_SEARCH_PATHS = "$(inherited) @executable_path/Frameworks";
				PRODUCT_BUNDLE_IDENTIFIER = Poot.PootCal;
				PRODUCT_NAME = "$(TARGET_NAME)";
				SWIFT_VERSION = 4.0;
				TARGETED_DEVICE_FAMILY = "1,2";
			};
			name = Release;
		};
/* End XCBuildConfiguration section */

/* Begin XCConfigurationList section */
		CE58D0DB201BBBC100C03246 /* Build configuration list for PBXProject "PootCal" */ = {
			isa = XCConfigurationList;
			buildConfigurations = (
				CE58D0F0201BBBC200C03246 /* Debug */,
				CE58D0F1201BBBC200C03246 /* Release */,
			);
			defaultConfigurationIsVisible = 0;
			defaultConfigurationName = Release;
		};
		CE58D0F2201BBBC200C03246 /* Build configuration list for PBXNativeTarget "PootCal" */ = {
			isa = XCConfigurationList;
			buildConfigurations = (
				CE58D0F3201BBBC200C03246 /* Debug */,
				CE58D0F4201BBBC200C03246 /* Release */,
			);
			defaultConfigurationIsVisible = 0;
			defaultConfigurationName = Release;
		};
/* End XCConfigurationList section */
	};
	rootObject = CE58D0D8201BBBC100C03246 /* Project object */;
}
